{
    "name": "rsx-parser",
    "version": "0.3.2",
    "lockfileVersion": 3,
    "requires": true,
    "packages": {
        "": {
            "name": "rsx-parser",
            "version": "0.3.2",
            "license": "MIT",
            "dependencies": {
                "tree-sitter": "^0.21.1",
                "tree-sitter-html": "^0.23.2",
                "tree-sitter-rust": "^0.21.0",
                "tree-sitter-scss": "^1.0.0",
                "tree-sitter-typescript": "^0.21.2"
            }
        },
        "node_modules/nan": {
            "version": "2.25.0",
            "resolved": "https://mirrors.cloud.tencent.com/npm/nan/-/nan-2.25.0.tgz",
            "integrity": "sha512-0M90Ag7Xn5KMLLZ7zliPWP3rT90P6PN+IzVFS0VqmnPktBk3700xUVv8Ikm9EUaUE5SDWdp/BIxdENzVznpm1g==",
            "license": "MIT"
        },
        "node_modules/node-addon-api": {
            "version": "8.6.0",
            "resolved": "https://mirrors.cloud.tencent.com/npm/node-addon-api/-/node-addon-api-8.6.0.tgz",
            "integrity": "sha512-gBVjCaqDlRUk0EwoPNKzIr9KkS9041G/q31IBShPs1Xz6UTA+EXdZADbzqAJQrpDRq71CIMnOP5VMut3SL0z5Q==",
            "license": "MIT",
            "engines": {
                "node": "^18 || ^20 || >= 21"
            }
        },
        "node_modules/node-gyp-build": {
            "version": "4.8.4",
            "resolved": "https://mirrors.cloud.tencent.com/npm/node-gyp-build/-/node-gyp-build-4.8.4.tgz",
            "integrity": "sha512-LA4ZjwlnUblHVgq0oBF3Jl/6h/Nvs5fzBLwdEF4nuxnFdsfajde4WfxtJr3CaiH+F6ewcIB/q4jQ4UzPyid+CQ==",
            "license": "MIT",
            "bin": {
                "node-gyp-build": "bin.js",
                "node-gyp-build-optional": "optional.js",
                "node-gyp-build-test": "build-test.js"
            }
        },
        "node_modules/tree-sitter": {
            "version": "0.21.1",
            "resolved": "https://mirrors.cloud.tencent.com/npm/tree-sitter/-/tree-sitter-0.21.1.tgz",
            "integrity": "sha512-7dxoA6kYvtgWw80265MyqJlkRl4yawIjO7S5MigytjELkX43fV2WsAXzsNfO7sBpPPCF5Gp0+XzHk0DwLCq3xQ==",
            "hasInstallScript": true,
            "license": "MIT",
            "dependencies": {
                "node-addon-api": "^8.0.0",
                "node-gyp-build": "^4.8.0"
            }
        },
        "node_modules/tree-sitter-css": {
            "version": "0.20.0",
            "resolved": "https://mirrors.cloud.tencent.com/npm/tree-sitter-css/-/tree-sitter-css-0.20.0.tgz",
            "integrity": "sha512-ammbs1bnIwHXPVtPGNc3T16rhPFRiK97pBgO4svlYWyt+fSEgGQzK3MSWB5vf3k3pSDWkpEFOTUxPPMR6k7N7Q==",
            "hasInstallScript": true,
            "license": "MIT",
            "dependencies": {
                "nan": "^2.18.0"
            }
        },
        "node_modules/tree-sitter-html": {
            "version": "0.23.2",
            "resolved": "https://mirrors.cloud.tencent.com/npm/tree-sitter-html/-/tree-sitter-html-0.23.2.tgz",
            "integrity": "sha512-TN+l+7cCeLx9db/1RhRSqMAZO/266Oh2BHb8J8hMSSFLuzYvFTYP/UnD3S0mny5awzw05KzFNgu2vnwzN9wVJg==",
            "hasInstallScript": true,
            "license": "MIT",
            "dependencies": {
                "node-addon-api": "^8.2.2",
                "node-gyp-build": "^4.8.2"
            },
            "peerDependencies": {
                "tree-sitter": "^0.21.1"
            },
            "peerDependenciesMeta": {
                "tree-sitter": {
                    "optional": true
                }
            }
        },
        "node_modules/tree-sitter-rust": {
            "version": "0.21.0",
            "resolved": "https://mirrors.cloud.tencent.com/npm/tree-sitter-rust/-/tree-sitter-rust-0.21.0.tgz",
            "integrity": "sha512-unVr73YLn3VC4Qa/GF0Nk+Wom6UtI526p5kz9Rn2iZSqwIFedyCZ3e0fKCEmUJLIPGrTb/cIEdu3ZUNGzfZx7A==",
            "hasInstallScript": true,
            "license": "MIT",
            "dependencies": {
                "node-addon-api": "^7.1.0",
                "node-gyp-build": "^4.8.0"
            },
            "peerDependencies": {
                "tree-sitter": "^0.21.1"
            },
            "peerDependenciesMeta": {
                "tree_sitter": {
                    "optional": true
                }
            }
        },
        "node_modules/tree-sitter-rust/node_modules/node-addon-api": {
            "version": "7.1.1",
            "resolved": "https://mirrors.cloud.tencent.com/npm/node-addon-api/-/node-addon-api-7.1.1.tgz",
            "integrity": "sha512-5m3bsyrjFWE1xf7nz7YXdN4udnVtXK6/Yfgn5qnahL6bCkf2yKt4k3nuTKAtT4r3IG8JNR2ncsIMdZuAzJjHQQ==",
            "license": "MIT"
        },
        "node_modules/tree-sitter-scss": {
            "version": "1.0.0",
            "resolved": "https://mirrors.cloud.tencent.com/npm/tree-sitter-scss/-/tree-sitter-scss-1.0.0.tgz",
            "integrity": "sha512-CYHEkSG4RTGHfwwQSXwsnagRUNr2Gh2jzrvNUXz95OfSzOdUAtPx4aM1zOGSprAzOPnwlBQfbYs0vVsklf3WWA==",
            "hasInstallScript": true,
            "license": "MIT",
            "dependencies": {
                "node-addon-api": "^8.0.0",
                "node-gyp-build": "^4.8.0",
                "tree-sitter-css": "^0.20.0"
            },
            "peerDependencies": {
                "tree-sitter": "^0.21.0"
            },
            "peerDependenciesMeta": {
                "tree-sitter": {
                    "optional": true
                }
            }
        },
        "node_modules/tree-sitter-typescript": {
            "version": "0.21.2",
            "resolved": "https://mirrors.cloud.tencent.com/npm/tree-sitter-typescript/-/tree-sitter-typescript-0.21.2.tgz",
            "integrity": "sha512-/RyNK41ZpkA8PuPZimR6pGLvNR1p0ibRUJwwQn4qAjyyLEIQD/BNlwS3NSxWtGsAWZe9gZ44VK1mWx2+eQVldg==",
            "hasInstallScript": true,
            "license": "MIT",
            "dependencies": {
                "node-addon-api": "^8.0.0",
                "node-gyp-build": "^4.8.1"
            },
            "peerDependencies": {
                "tree-sitter": "^0.21.0"
            },
            "peerDependenciesMeta": {
                "tree_sitter": {
                    "optional": true
                }
            }
        }
    }
}
